
Microsoft Visual Studio Solution File, Format Version 12.00
# Visual Studio Version 17
VisualStudioVersion = 17.10.35027.167
MinimumVisualStudioVersion = 10.0.40219.1
Project("{FAE04EC0-301F-11D3-BF4B-00C04F79EFBC}") = "App", "App\App.csproj", "{E57C65D3-BDDE-414C-9956-75815A077CCA}"
EndProject
Global
	GlobalSection(SolutionConfigurationPlatforms) = preSolution
		Debug|ARM64 = Debug|ARM64
		Debug|x64 = Debug|x64
		Debug|x86 = Debug|x86
		Release|ARM64 = Release|ARM64
		Release|x64 = Release|x64
		Release|x86 = Release|x86
	EndGlobalSection
	GlobalSection(ProjectConfigurationPlatforms) = postSolution
		{E57C65D3-BDDE-414C-9956-75815A077CCA}.Debug|ARM64.ActiveCfg = Debug|ARM64
		{E57C65D3-BDDE-414C-9956-75815A077CCA}.Debug|ARM64.Build.0 = Debug|ARM64
		{E57C65D3-BDDE-414C-9956-75815A077CCA}.Debug|ARM64.Deploy.0 = Debug|ARM64
		{E57C65D3-BDDE-414C-9956-75815A077CCA}.Debug|x64.ActiveCfg = Debug|x64
		{E57C65D3-BDDE-414C-9956-75815A077CCA}.Debug|x64.Build.0 = Debug|x64
		{E57C65D3-BDDE-414C-9956-75815A077CCA}.Debug|x64.Deploy.0 = Debug|x64
		{E57C65D3-BDDE-414C-9956-75815A077CCA}.Debug|x86.ActiveCfg = Debug|x86
		{E57C65D3-BDDE-414C-9956-75815A077CCA}.Debug|x86.Build.0 = Debug|x86
		{E57C65D3-BDDE-414C-9956-75815A077CCA}.Debug|x86.Deploy.0 = Debug|x86
		{E57C65D3-BDDE-414C-9956-75815A077CCA}.Release|ARM64.ActiveCfg = Release|ARM64
		{E57C65D3-BDDE-414C-9956-75815A077CCA}.Release|ARM64.Build.0 = Release|ARM64
		{E57C65D3-BDDE-414C-9956-75815A077CCA}.Release|ARM64.Deploy.0 = Release|ARM64
		{E57C65D3-BDDE-414C-9956-75815A077CCA}.Release|x64.ActiveCfg = Release|x64
		{E57C65D3-BDDE-414C-9956-75815A077CCA}.Release|x64.Build.0 = Release|x64
		{E57C65D3-BDDE-414C-9956-75815A077CCA}.Release|x64.Deploy.0 = Release|x64
		{E57C65D3-BDDE-414C-9956-75815A077CCA}.Release|x86.ActiveCfg = Release|x86
		{E57C65D3-BDDE-414C-9956-75815A077CCA}.Release|x86.Build.0 = Release|x86
		{E57C65D3-BDDE-414C-9956-75815A077CCA}.Release|x86.Deploy.0 = Release|x86
	EndGlobalSection
	GlobalSection(SolutionProperties) = preSolution
		HideSolutionNode = FALSE
	EndGlobalSection
	GlobalSection(ExtensibilityGlobals) = postSolution
		SolutionGuid = {29359AA3-E9CC-472F-B2E3-2EECB0A5DEE3}
	EndGlobalSection
EndGlobal
